
Microsoft Visual Studio Solution File, Format Version 12.00
# Visual Studio Version 17
VisualStudioVersion = 17.5.33516.290
MinimumVisualStudioVersion = 10.0.40219.1
Project("{FAE04EC0-301F-11D3-BF4B-00C04F79EFBC}") = "StopContactSpam", "StopContactSpam\StopContactSpam.csproj", "{211D1855-A7AA-4537-9C2D-1FF1CE9D4D33}"
EndProject
Global
	GlobalSection(SolutionConfigurationPlatforms) = preSolution
		Debug|Any CPU = Debug|Any CPU
		Release|Any CPU = Release|Any CPU
	EndGlobalSection
	GlobalSection(ProjectConfigurationPlatforms) = postSolution
		{211D1855-A7AA-4537-9C2D-1FF1CE9D4D33}.Debug|Any CPU.ActiveCfg = Debug|Any CPU
		{211D1855-A7AA-4537-9C2D-1FF1CE9D4D33}.Debug|Any CPU.Build.0 = Debug|Any CPU
		{211D1855-A7AA-4537-9C2D-1FF1CE9D4D33}.Release|Any CPU.ActiveCfg = Release|Any CPU
		{211D1855-A7AA-4537-9C2D-1FF1CE9D4D33}.Release|Any CPU.Build.0 = Release|Any CPU
	EndGlobalSection
	GlobalSection(SolutionProperties) = preSolution
		HideSolutionNode = FALSE
	EndGlobalSection
	GlobalSection(ExtensibilityGlobals) = postSolution
		SolutionGuid = {B2418659-DFC3-4AE3-B324-8C306AC7128A}
	EndGlobalSection
EndGlobal
